
Microsoft Visual Studio Solution File, Format Version 12.00
# Visual Studio Version 17
VisualStudioVersion = 17.0.31903.59
MinimumVisualStudioVersion = 10.0.40219.1
Project("{2150E333-8FDC-42A3-9474-1A3956D46DE8}") = "src", "src", "{E0397AC4-3FD9-47E0-BD5A-4D81AE743F7A}"
EndProject
Project("{FAE04EC0-301F-11D3-BF4B-00C04F79EFBC}") = "Kommunkod.Restclone", "src\Kommunkod.Restclone\Kommunkod.Restclone.csproj", "{C809BCDB-F9D9-48FD-8C9C-F28557C33AA1}"
EndProject
Project("{FAE04EC0-301F-11D3-BF4B-00C04F79EFBC}") = "Kommunkod.Restclone.Test", "src\Kommunkod.Restclone.Test\Kommunkod.Restclone.Test.csproj", "{2C35BDA4-4E64-4E40-8225-1839CFDC9283}"
EndProject
Global
	GlobalSection(SolutionConfigurationPlatforms) = preSolution
		Debug|Any CPU = Debug|Any CPU
		Release|Any CPU = Release|Any CPU
	EndGlobalSection
	GlobalSection(SolutionProperties) = preSolution
		HideSolutionNode = FALSE
	EndGlobalSection
	GlobalSection(ProjectConfigurationPlatforms) = postSolution
		{C809BCDB-F9D9-48FD-8C9C-F28557C33AA1}.Release|Any CPU.ActiveCfg = Release|Any CPU
		{C809BCDB-F9D9-48FD-8C9C-F28557C33AA1}.Release|Any CPU.Build.0 = Release|Any CPU
		{C809BCDB-F9D9-48FD-8C9C-F28557C33AA1}.Debug|Any CPU.ActiveCfg = Debug|Any CPU
		{C809BCDB-F9D9-48FD-8C9C-F28557C33AA1}.Debug|Any CPU.Build.0 = Debug|Any CPU
		{2C35BDA4-4E64-4E40-8225-1839CFDC9283}.Debug|Any CPU.ActiveCfg = Debug|Any CPU
		{2C35BDA4-4E64-4E40-8225-1839CFDC9283}.Debug|Any CPU.Build.0 = Debug|Any CPU
		{2C35BDA4-4E64-4E40-8225-1839CFDC9283}.Release|Any CPU.ActiveCfg = Release|Any CPU
		{2C35BDA4-4E64-4E40-8225-1839CFDC9283}.Release|Any CPU.Build.0 = Release|Any CPU
	EndGlobalSection
	GlobalSection(NestedProjects) = preSolution
		{C809BCDB-F9D9-48FD-8C9C-F28557C33AA1} = {E0397AC4-3FD9-47E0-BD5A-4D81AE743F7A}
		{2C35BDA4-4E64-4E40-8225-1839CFDC9283} = {E0397AC4-3FD9-47E0-BD5A-4D81AE743F7A}
	EndGlobalSection
EndGlobal
